
Microsoft Visual Studio Solution File, Format Version 12.00
# Visual Studio Version 17
VisualStudioVersion = 17.1.32421.90
MinimumVisualStudioVersion = 10.0.40219.1
Project("{F184B08F-C81C-45F6-A57F-5ABD9991F28F}") = "demoApplication", "demoApplication\demoApplication.vbproj", "{43D41E0D-0300-403C-97A2-885C55153654}"
EndProject
Global
	GlobalSection(SolutionConfigurationPlatforms) = preSolution
		Debug|Any CPU = Debug|Any CPU
		Release|Any CPU = Release|Any CPU
	EndGlobalSection
	GlobalSection(ProjectConfigurationPlatforms) = postSolution
		{43D41E0D-0300-403C-97A2-885C55153654}.Debug|Any CPU.ActiveCfg = Debug|Any CPU
		{43D41E0D-0300-403C-97A2-885C55153654}.Debug|Any CPU.Build.0 = Debug|Any CPU
		{43D41E0D-0300-403C-97A2-885C55153654}.Release|Any CPU.ActiveCfg = Release|Any CPU
		{43D41E0D-0300-403C-97A2-885C55153654}.Release|Any CPU.Build.0 = Release|Any CPU
	EndGlobalSection
	GlobalSection(SolutionProperties) = preSolution
		HideSolutionNode = FALSE
	EndGlobalSection
	GlobalSection(ExtensibilityGlobals) = postSolution
		SolutionGuid = {19CEF4E3-8F4C-4A1B-A1CE-87A7955A2395}
	EndGlobalSection
EndGlobal
